<?xml version="1.0" encoding="UTF-8"?>
<Scheme
   version = "1.3">
   <BuildAction>
      <BuildActionEntries>
         <BuildActionEntry
            buildForRunning = "YES">
            <BuildableReference
               BuildableIdentifier = "primary"
               BlueprintIdentifier = "3643DF4916651E755D7FCC51"
               BuildableName = "FocusBarChart.app"
               BlueprintName = "FocusBarChart"
               ReferencedContainer = "container:FocusBarChart.xcodeproj">
            </BuildableReference>
         </BuildActionEntry>
      </BuildActionEntries>
   </BuildAction>
   <LaunchAction
      useCustomWorkingDirectory = "NO"
      buildConfiguration = "Debug"
      allowLocationSimulation = "YES">
      <BuildableProductRunnable>
         <BuildableReference
            BuildableIdentifier = "primary"
            BlueprintIdentifier = "3643DF4916651E755D7FCC51"
            BuildableName = "FocusBarChart.app"
            BlueprintName = "FocusBarChart"
            ReferencedContainer = "container:FocusBarChart.xcodeproj">
         </BuildableReference>
      </BuildableProductRunnable>
   </LaunchAction>
</Scheme>
