// !$*UTF8*$!
{
	archiveVersion = 1;
	classes = {
	};
	objectVersion = 46;
	objects = {

/* Begin PBXBuildFile section */
		241F8A6E2267256400656C8C /* UIView+Anchors.swift in Sources */ = {isa = PBXBuildFile; fileRef = 241F8A6D2267256300656C8C /* UIView+Anchors.swift */; };
		241F8A70226883EE00656C8C /* Bar.swift in Sources */ = {isa = PBXBuildFile; fileRef = 241F8A6F226883EE00656C8C /* Bar.swift */; };
		241F8A7222688D8200656C8C /* BarView.swift in Sources */ = {isa = PBXBuildFile; fileRef = 241F8A7122688D8200656C8C /* BarView.swift */; };
		3643D2BBBE6C66095F9855A0 /* Main.storyboard in Resources */ = {isa = PBXBuildFile; fileRef = 3643D69DFA62A4CD4EB66805 /* Main.storyboard */; };
		3643D5E8D5C35B5C173F3954 /* Assets.xcassets in Resources */ = {isa = PBXBuildFile; fileRef = 3643DBECD8F66E0B657AA35D /* Assets.xcassets */; };
		3643D63E6D9E4FB2BC90CFBF /* AppDelegate.swift in Sources */ = {isa = PBXBuildFile; fileRef = 3643D7884563AF9F9B275636 /* AppDelegate.swift */; };
		3643D6D01485BDE11E2B87AF /* LaunchScreen.storyboard in Resources */ = {isa = PBXBuildFile; fileRef = 3643D51CEECE3C686893F464 /* LaunchScreen.storyboard */; };
		3643D7CC616EB1320CB86BE7 /* ViewController.swift in Sources */ = {isa = PBXBuildFile; fileRef = 3643DD770F8D049B3F85F668 /* ViewController.swift */; };
/* End PBXBuildFile section */

/* Begin PBXFileReference section */
		241F8A6D2267256300656C8C /* UIView+Anchors.swift */ = {isa = PBXFileReference; fileEncoding = 4; lastKnownFileType = sourcecode.swift; path = "UIView+Anchors.swift"; sourceTree = "<group>"; };
		241F8A6F226883EE00656C8C /* Bar.swift */ = {isa = PBXFileReference; lastKnownFileType = sourcecode.swift; path = Bar.swift; sourceTree = "<group>"; };
		241F8A7122688D8200656C8C /* BarView.swift */ = {isa = PBXFileReference; lastKnownFileType = sourcecode.swift; path = BarView.swift; sourceTree = "<group>"; };
		3643D2F884C211AC008BAF6B /* Base */ = {isa = PBXFileReference; lastKnownFileType = file.storyboard; name = Base; path = Base.lproj/Main.storyboard; sourceTree = "<group>"; };
		3643D4031E4EB620786EE128 /* Info.plist */ = {isa = PBXFileReference; lastKnownFileType = text.plist.info; path = Info.plist; sourceTree = "<group>"; };
		3643D76CB0960D1BF05736AD /* FocusBarChart.app */ = {isa = PBXFileReference; explicitFileType = wrapper.application; includeInIndex = 0; path = FocusBarChart.app; sourceTree = BUILT_PRODUCTS_DIR; };
		3643D7884563AF9F9B275636 /* AppDelegate.swift */ = {isa = PBXFileReference; lastKnownFileType = sourcecode.swift; path = AppDelegate.swift; sourceTree = "<group>"; };
		3643DBECD8F66E0B657AA35D /* Assets.xcassets */ = {isa = PBXFileReference; lastKnownFileType = folder.assetcatalog; path = Assets.xcassets; sourceTree = "<group>"; };
		3643DD770F8D049B3F85F668 /* ViewController.swift */ = {isa = PBXFileReference; lastKnownFileType = sourcecode.swift; path = ViewController.swift; sourceTree = "<group>"; };
		3643DE800168952665DB4A1E /* Base */ = {isa = PBXFileReference; lastKnownFileType = file.storyboard; name = Base; path = Base.lproj/LaunchScreen.storyboard; sourceTree = "<group>"; };
/* End PBXFileReference section */

/* Begin PBXFrameworksBuildPhase section */
		3643D226C967CF0DC263AE40 /* Frameworks */ = {
			isa = PBXFrameworksBuildPhase;
			buildActionMask = 2147483647;
			files = (
			);
			runOnlyForDeploymentPostprocessing = 0;
		};
/* End PBXFrameworksBuildPhase section */

/* Begin PBXGroup section */
		3643D357D331D91DC9E4C522 /* FocusBarChart */ = {
			isa = PBXGroup;
			children = (
				3643D4031E4EB620786EE128 /* Info.plist */,
				3643D51CEECE3C686893F464 /* LaunchScreen.storyboard */,
				3643D7884563AF9F9B275636 /* AppDelegate.swift */,
				241F8A6F226883EE00656C8C /* Bar.swift */,
				3643DD770F8D049B3F85F668 /* ViewController.swift */,
				241F8A6D2267256300656C8C /* UIView+Anchors.swift */,
				3643D69DFA62A4CD4EB66805 /* Main.storyboard */,
				241F8A7122688D8200656C8C /* BarView.swift */,
			);
			path = FocusBarChart;
			sourceTree = "<group>";
		};
		3643DC8DCB9209A4E2F58E71 /* Products */ = {
			isa = PBXGroup;
			children = (
				3643D76CB0960D1BF05736AD /* FocusBarChart.app */,
			);
			name = Products;
			sourceTree = "<group>";
		};
		3643DF9E3ABFAF550EBF996A = {
			isa = PBXGroup;
			children = (
				3643DC8DCB9209A4E2F58E71 /* Products */,
				3643D357D331D91DC9E4C522 /* FocusBarChart */,
				3643DBECD8F66E0B657AA35D /* Assets.xcassets */,
			);
			sourceTree = "<group>";
		};
/* End PBXGroup section */

/* Begin PBXNativeTarget section */
		3643DF4916651E755D7FCC51 /* FocusBarChart */ = {
			isa = PBXNativeTarget;
			buildConfigurationList = 3643D8FEC53AB2AD2F602D3B /* Build configuration list for PBXNativeTarget "FocusBarChart" */;
			buildPhases = (
				3643D83BC4343353E6DE09F9 /* Sources */,
				3643D226C967CF0DC263AE40 /* Frameworks */,
				3643D13B63AE6780CF603CA0 /* Resources */,
			);
			buildRules = (
			);
			dependencies = (
			);
			name = FocusBarChart;
			productName = FocusBarChart;
			productReference = 3643D76CB0960D1BF05736AD /* FocusBarChart.app */;
			productType = "com.apple.product-type.application";
		};
/* End PBXNativeTarget section */

/* Begin PBXProject section */
		3643D4391906D3939D977730 /* Project object */ = {
			isa = PBXProject;
			attributes = {
				ORGANIZATIONNAME = "___FULLUSERNAME___";
				TargetAttributes = {
					3643DF4916651E755D7FCC51 = {
						DevelopmentTeam = QWD3PE9D7V;
					};
				};
			};
			buildConfigurationList = 3643DDA0427BA43D06DED9B4 /* Build configuration list for PBXProject "FocusBarChart" */;
			compatibilityVersion = "Xcode 3.2";
			developmentRegion = English;
			hasScannedForEncodings = 0;
			knownRegions = (
				en,
			);
			mainGroup = 3643DF9E3ABFAF550EBF996A;
			productRefGroup = 3643DC8DCB9209A4E2F58E71 /* Products */;
			projectDirPath = "";
			projectRoot = "";
			targets = (
				3643DF4916651E755D7FCC51 /* FocusBarChart */,
			);
		};
/* End PBXProject section */

/* Begin PBXResourcesBuildPhase section */
		3643D13B63AE6780CF603CA0 /* Resources */ = {
			isa = PBXResourcesBuildPhase;
			buildActionMask = 2147483647;
			files = (
				3643D5E8D5C35B5C173F3954 /* Assets.xcassets in Resources */,
				3643D6D01485BDE11E2B87AF /* LaunchScreen.storyboard in Resources */,
				3643D2BBBE6C66095F9855A0 /* Main.storyboard in Resources */,
			);
			runOnlyForDeploymentPostprocessing = 0;
		};
/* End PBXResourcesBuildPhase section */

/* Begin PBXSourcesBuildPhase section */
		3643D83BC4343353E6DE09F9 /* Sources */ = {
			isa = PBXSourcesBuildPhase;
			buildActionMask = 2147483647;
			files = (
				3643D63E6D9E4FB2BC90CFBF /* AppDelegate.swift in Sources */,
				241F8A70226883EE00656C8C /* Bar.swift in Sources */,
				241F8A6E2267256400656C8C /* UIView+Anchors.swift in Sources */,
				3643D7CC616EB1320CB86BE7 /* ViewController.swift in Sources */,
				241F8A7222688D8200656C8C /* BarView.swift in Sources */,
			);
			runOnlyForDeploymentPostprocessing = 0;
		};
/* End PBXSourcesBuildPhase section */

/* Begin PBXVariantGroup section */
		3643D51CEECE3C686893F464 /* LaunchScreen.storyboard */ = {
			isa = PBXVariantGroup;
			children = (
				3643DE800168952665DB4A1E /* Base */,
			);
			name = LaunchScreen.storyboard;
			sourceTree = "<group>";
		};
		3643D69DFA62A4CD4EB66805 /* Main.storyboard */ = {
			isa = PBXVariantGroup;
			children = (
				3643D2F884C211AC008BAF6B /* Base */,
			);
			name = Main.storyboard;
			sourceTree = "<group>";
		};
/* End PBXVariantGroup section */

/* Begin XCBuildConfiguration section */
		3643D19EC875BB8C94DA843E /* Debug */ = {
			isa = XCBuildConfiguration;
			buildSettings = {
				ALWAYS_SEARCH_USER_PATHS = NO;
				CLANG_ANALYZER_NONNULL = YES;
				CLANG_ANALYZER_NUMBER_OBJECT_CONVERSION = YES_AGGRESSIVE;
				CLANG_CXX_LANGUAGE_STANDARD = "gnu++14";
				CLANG_CXX_LIBRARY = "libc++";
				CLANG_ENABLE_MODULES = YES;
				CLANG_ENABLE_OBJC_ARC = YES;
				CLANG_ENABLE_OBJC_WEAK = YES;
				CLANG_WARN_BLOCK_CAPTURE_AUTORELEASING = YES;
				CLANG_WARN_BOOL_CONVERSION = YES;
				CLANG_WARN_COMMA = YES;
				CLANG_WARN_CONSTANT_CONVERSION = YES;
				CLANG_WARN_DEPRECATED_OBJC_IMPLEMENTATIONS = YES;
				CLANG_WARN_DIRECT_OBJC_ISA_USAGE = YES_ERROR;
				CLANG_WARN_DOCUMENTATION_COMMENTS = YES;
				CLANG_WARN_EMPTY_BODY = YES;
				CLANG_WARN_ENUM_CONVERSION = YES;
				CLANG_WARN_INFINITE_RECURSION = YES;
				CLANG_WARN_INT_CONVERSION = YES;
				CLANG_WARN_NON_LITERAL_NULL_CONVERSION = YES;
				CLANG_WARN_OBJC_IMPLICIT_RETAIN_SELF = YES;
				CLANG_WARN_OBJC_LITERAL_CONVERSION = YES;
				CLANG_WARN_OBJC_ROOT_CLASS = YES_ERROR;
				CLANG_WARN_RANGE_LOOP_ANALYSIS = YES;
				CLANG_WARN_STRICT_PROTOTYPES = YES;
				CLANG_WARN_SUSPICIOUS_MOVE = YES;
				CLANG_WARN_UNGUARDED_AVAILABILITY = YES_AGGRESSIVE;
				CLANG_WARN_UNREACHABLE_CODE = YES;
				CLANG_WARN__DUPLICATE_METHOD_MATCH = YES;
				CODE_SIGN_IDENTITY = "iPhone Developer";
				COPY_PHASE_STRIP = NO;
				DEBUG_INFORMATION_FORMAT = dwarf;
				ENABLE_STRICT_OBJC_MSGSEND = YES;
				ENABLE_TESTABILITY = YES;
				GCC_C_LANGUAGE_STANDARD = gnu11;
				GCC_DYNAMIC_NO_PIC = NO;
				GCC_NO_COMMON_BLOCKS = YES;
				GCC_OPTIMIZATION_LEVEL = 0;
				GCC_PREPROCESSOR_DEFINITIONS = (
					"DEBUG=1",
					"$(inherited)",
				);
				GCC_WARN_64_TO_32_BIT_CONVERSION = YES;
				GCC_WARN_ABOUT_RETURN_TYPE = YES_ERROR;
				GCC_WARN_UNDECLARED_SELECTOR = YES;
				GCC_WARN_UNINITIALIZED_AUTOS = YES_AGGRESSIVE;
				GCC_WARN_UNUSED_FUNCTION = YES;
				GCC_WARN_UNUSED_VARIABLE = YES;
				IPHONEOS_DEPLOYMENT_TARGET = 12.0;
				MTL_ENABLE_DEBUG_INFO = INCLUDE_SOURCE;
				MTL_FAST_MATH = YES;
				ONLY_ACTIVE_ARCH = YES;
				SDKROOT = iphoneos;
				SWIFT_ACTIVE_COMPILATION_CONDITIONS = DEBUG;
				SWIFT_OPTIMIZATION_LEVEL = "-Onone";
			};
			name = Debug;
		};
		3643D66E942CCDCD89B7E037 /* Release */ = {
			isa = XCBuildConfiguration;
			buildSettings = {
				ALWAYS_SEARCH_USER_PATHS = NO;
				CLANG_ANALYZER_NONNULL = YES;
				CLANG_ANALYZER_NUMBER_OBJECT_CONVERSION = YES_AGGRESSIVE;
				CLANG_CXX_LANGUAGE_STANDARD = "gnu++14";
				CLANG_CXX_LIBRARY = "libc++";
				CLANG_ENABLE_MODULES = YES;
				CLANG_ENABLE_OBJC_ARC = YES;
				CLANG_ENABLE_OBJC_WEAK = YES;
				CLANG_WARN_BLOCK_CAPTURE_AUTORELEASING = YES;
				CLANG_WARN_BOOL_CONVERSION = YES;
				CLANG_WARN_COMMA = YES;
				CLANG_WARN_CONSTANT_CONVERSION = YES;
				CLANG_WARN_DEPRECATED_OBJC_IMPLEMENTATIONS = YES;
				CLANG_WARN_DIRECT_OBJC_ISA_USAGE = YES_ERROR;
				CLANG_WARN_DOCUMENTATION_COMMENTS = YES;
				CLANG_WARN_EMPTY_BODY = YES;
				CLANG_WARN_ENUM_CONVERSION = YES;
				CLANG_WARN_INFINITE_RECURSION = YES;
				CLANG_WARN_INT_CONVERSION = YES;
				CLANG_WARN_NON_LITERAL_NULL_CONVERSION = YES;
				CLANG_WARN_OBJC_IMPLICIT_RETAIN_SELF = YES;
				CLANG_WARN_OBJC_LITERAL_CONVERSION = YES;
				CLANG_WARN_OBJC_ROOT_CLASS = YES_ERROR;
				CLANG_WARN_RANGE_LOOP_ANALYSIS = YES;
				CLANG_WARN_STRICT_PROTOTYPES = YES;
				CLANG_WARN_SUSPICIOUS_MOVE = YES;
				CLANG_WARN_UNGUARDED_AVAILABILITY = YES_AGGRESSIVE;
				CLANG_WARN_UNREACHABLE_CODE = YES;
				CLANG_WARN__DUPLICATE_METHOD_MATCH = YES;
				CODE_SIGN_IDENTITY = "iPhone Developer";
				COPY_PHASE_STRIP = NO;
				DEBUG_INFORMATION_FORMAT = "dwarf-with-dsym";
				ENABLE_NS_ASSERTIONS = NO;
				ENABLE_STRICT_OBJC_MSGSEND = YES;
				GCC_C_LANGUAGE_STANDARD = gnu11;
				GCC_NO_COMMON_BLOCKS = YES;
				GCC_WARN_64_TO_32_BIT_CONVERSION = YES;
				GCC_WARN_ABOUT_RETURN_TYPE = YES_ERROR;
				GCC_WARN_UNDECLARED_SELECTOR = YES;
				GCC_WARN_UNINITIALIZED_AUTOS = YES_AGGRESSIVE;
				GCC_WARN_UNUSED_FUNCTION = YES;
				GCC_WARN_UNUSED_VARIABLE = YES;
				IPHONEOS_DEPLOYMENT_TARGET = 12.0;
				MTL_ENABLE_DEBUG_INFO = NO;
				MTL_FAST_MATH = YES;
				SDKROOT = iphoneos;
				SWIFT_OPTIMIZATION_LEVEL = "-Owholemodule";
				VALIDATE_PRODUCT = YES;
			};
			name = Release;
		};
		3643D95F52FB7495015054B1 /* Release */ = {
			isa = XCBuildConfiguration;
			buildSettings = {
				ASSETCATALOG_COMPILER_APPICON_NAME = AppIcon;
				DEVELOPMENT_TEAM = QWD3PE9D7V;
				INFOPLIST_FILE = FocusBarChart/Info.plist;
				LD_RUNPATH_SEARCH_PATHS = "$(inherited) @executable_path/Frameworks";
				PRODUCT_BUNDLE_IDENTIFIER = com.johngedeon.FocusBarChart;
				PRODUCT_NAME = "$(TARGET_NAME)";
				SWIFT_VERSION = 4.2;
				TARGETED_DEVICE_FAMILY = "1,2";
			};
			name = Release;
		};
		3643DC565B7C7E7976B55DB1 /* Debug */ = {
			isa = XCBuildConfiguration;
			buildSettings = {
				ASSETCATALOG_COMPILER_APPICON_NAME = AppIcon;
				DEVELOPMENT_TEAM = QWD3PE9D7V;
				INFOPLIST_FILE = FocusBarChart/Info.plist;
				LD_RUNPATH_SEARCH_PATHS = "$(inherited) @executable_path/Frameworks";
				PRODUCT_BUNDLE_IDENTIFIER = com.johngedeon.FocusBarChart;
				PRODUCT_NAME = "$(TARGET_NAME)";
				SWIFT_VERSION = 4.2;
				TARGETED_DEVICE_FAMILY = "1,2";
			};
			name = Debug;
		};
/* End XCBuildConfiguration section */

/* Begin XCConfigurationList section */
		3643D8FEC53AB2AD2F602D3B /* Build configuration list for PBXNativeTarget "FocusBarChart" */ = {
			isa = XCConfigurationList;
			buildConfigurations = (
				3643DC565B7C7E7976B55DB1 /* Debug */,
				3643D95F52FB7495015054B1 /* Release */,
			);
			defaultConfigurationIsVisible = 0;
			defaultConfigurationName = Release;
		};
		3643DDA0427BA43D06DED9B4 /* Build configuration list for PBXProject "FocusBarChart" */ = {
			isa = XCConfigurationList;
			buildConfigurations = (
				3643D19EC875BB8C94DA843E /* Debug */,
				3643D66E942CCDCD89B7E037 /* Release */,
			);
			defaultConfigurationIsVisible = 0;
			defaultConfigurationName = Release;
		};
/* End XCConfigurationList section */
	};
	rootObject = 3643D4391906D3939D977730 /* Project object */;
}
